// !$*UTF8*$!
{
	archiveVersion = 1;
	classes = {
	};
	objectVersion = 46;
	objects = {

/* Begin PBXBuildFile section */
		4943A3C61BF199980053C576 /* main.m in Sources */ = {isa = PBXBuildFile; fileRef = 4943A3C51BF199980053C576 /* main.m */; };
		4943A3C91BF199980053C576 /* AppDelegate.m in Sources */ = {isa = PBXBuildFile; fileRef = 4943A3C81BF199980053C576 /* AppDelegate.m */; };
		4943A3D41BF199980053C576 /* LaunchScreen.storyboard in Resources */ = {isa = PBXBuildFile; fileRef = 4943A3D21BF199980053C576 /* LaunchScreen.storyboard */; };
		4943A3E21BF19D680053C576 /* LoginViewController.m in Sources */ = {isa = PBXBuildFile; fileRef = 4943A3E01BF19D680053C576 /* LoginViewController.m */; settings = {ASSET_TAGS = (); }; };
		4943A3E31BF19D680053C576 /* LoginViewController.xib in Resources */ = {isa = PBXBuildFile; fileRef = 4943A3E11BF19D680053C576 /* LoginViewController.xib */; settings = {ASSET_TAGS = (); }; };
		4943A3E91BF19F450053C576 /* User.m in Sources */ = {isa = PBXBuildFile; fileRef = 4943A3E81BF19F450053C576 /* User.m */; settings = {ASSET_TAGS = (); }; };
		4943A3EC1BF19F6E0053C576 /* Tweet.m in Sources */ = {isa = PBXBuildFile; fileRef = 4943A3EB1BF19F6E0053C576 /* Tweet.m */; settings = {ASSET_TAGS = (); }; };
		4943A3F21BF1A02D0053C576 /* TwttierClient.m in Sources */ = {isa = PBXBuildFile; fileRef = 4943A3F11BF1A02D0053C576 /* TwttierClient.m */; settings = {ASSET_TAGS = (); }; };
		4943A3F61BF1A2160053C576 /* HomeTimelineViewController.m in Sources */ = {isa = PBXBuildFile; fileRef = 4943A3F41BF1A2160053C576 /* HomeTimelineViewController.m */; settings = {ASSET_TAGS = (); }; };
		4943A3F71BF1A2160053C576 /* HomeTimelineViewController.xib in Resources */ = {isa = PBXBuildFile; fileRef = 4943A3F51BF1A2160053C576 /* HomeTimelineViewController.xib */; settings = {ASSET_TAGS = (); }; };
		4943A3FB1BF1AB4D0053C576 /* TweetCell.m in Sources */ = {isa = PBXBuildFile; fileRef = 4943A3F91BF1AB4D0053C576 /* TweetCell.m */; settings = {ASSET_TAGS = (); }; };
		4943A3FC1BF1AB4D0053C576 /* TweetCell.xib in Resources */ = {isa = PBXBuildFile; fileRef = 4943A3FA1BF1AB4D0053C576 /* TweetCell.xib */; settings = {ASSET_TAGS = (); }; };
		4943A4001BF1E6ED0053C576 /* Assets.xcassets in Resources */ = {isa = PBXBuildFile; fileRef = 4943A3FF1BF1E6ED0053C576 /* Assets.xcassets */; settings = {ASSET_TAGS = (); }; };
		4943A4041BF207F10053C576 /* TweetDetailViewController.m in Sources */ = {isa = PBXBuildFile; fileRef = 4943A4021BF207F10053C576 /* TweetDetailViewController.m */; settings = {ASSET_TAGS = (); }; };
		4943A4051BF207F10053C576 /* TweetDetailViewController.xib in Resources */ = {isa = PBXBuildFile; fileRef = 4943A4031BF207F10053C576 /* TweetDetailViewController.xib */; settings = {ASSET_TAGS = (); }; };
		4943A4091BF20A610053C576 /* NewTweetViewController.m in Sources */ = {isa = PBXBuildFile; fileRef = 4943A4071BF20A610053C576 /* NewTweetViewController.m */; settings = {ASSET_TAGS = (); }; };
		4943A40A1BF20A610053C576 /* NewTweetViewController.xib in Resources */ = {isa = PBXBuildFile; fileRef = 4943A4081BF20A610053C576 /* NewTweetViewController.xib */; settings = {ASSET_TAGS = (); }; };
		49F8CA3C1BF9C3E10087CE08 /* HamburgerViewController.m in Sources */ = {isa = PBXBuildFile; fileRef = 49F8CA3A1BF9C3E10087CE08 /* HamburgerViewController.m */; settings = {ASSET_TAGS = (); }; };
		49F8CA3D1BF9C3E10087CE08 /* HamburgerViewController.xib in Resources */ = {isa = PBXBuildFile; fileRef = 49F8CA3B1BF9C3E10087CE08 /* HamburgerViewController.xib */; settings = {ASSET_TAGS = (); }; };
		49F8CA411BF9C3F40087CE08 /* MenuViewController.m in Sources */ = {isa = PBXBuildFile; fileRef = 49F8CA3F1BF9C3F40087CE08 /* MenuViewController.m */; settings = {ASSET_TAGS = (); }; };
		49F8CA421BF9C3F40087CE08 /* MenuViewController.xib in Resources */ = {isa = PBXBuildFile; fileRef = 49F8CA401BF9C3F40087CE08 /* MenuViewController.xib */; settings = {ASSET_TAGS = (); }; };
		49F8CA461BF9C41A0087CE08 /* MenuCell.m in Sources */ = {isa = PBXBuildFile; fileRef = 49F8CA441BF9C41A0087CE08 /* MenuCell.m */; settings = {ASSET_TAGS = (); }; };
		49F8CA471BF9C41A0087CE08 /* MenuCell.xib in Resources */ = {isa = PBXBuildFile; fileRef = 49F8CA451BF9C41A0087CE08 /* MenuCell.xib */; settings = {ASSET_TAGS = (); }; };
		49F8CA4B1BFAEF190087CE08 /* ProfileViewController.m in Sources */ = {isa = PBXBuildFile; fileRef = 49F8CA491BFAEF190087CE08 /* ProfileViewController.m */; settings = {ASSET_TAGS = (); }; };
		49F8CA4C1BFAEF190087CE08 /* ProfileViewController.xib in Resources */ = {isa = PBXBuildFile; fileRef = 49F8CA4A1BFAEF190087CE08 /* ProfileViewController.xib */; settings = {ASSET_TAGS = (); }; };
		6649FADDFCA566D46625E933 /* libPods-twitter.a in Frameworks */ = {isa = PBXBuildFile; fileRef = D720276D35761BA9438740CF /* libPods-twitter.a */; };
/* End PBXBuildFile section */

/* Begin PBXFileReference section */
		225636034CC6BA2F3ACC227B /* Pods-twitter.debug.xcconfig */ = {isa = PBXFileReference; includeInIndex = 1; lastKnownFileType = text.xcconfig; name = "Pods-twitter.debug.xcconfig"; path = "Pods/Target Support Files/Pods-twitter/Pods-twitter.debug.xcconfig"; sourceTree = "<group>"; };
		421AF89053CCCE9703768DCE /* Pods-twitter.release.xcconfig */ = {isa = PBXFileReference; includeInIndex = 1; lastKnownFileType = text.xcconfig; name = "Pods-twitter.release.xcconfig"; path = "Pods/Target Support Files/Pods-twitter/Pods-twitter.release.xcconfig"; sourceTree = "<group>"; };
		4943A3C11BF199980053C576 /* twitter.app */ = {isa = PBXFileReference; explicitFileType = wrapper.application; includeInIndex = 0; path = twitter.app; sourceTree = BUILT_PRODUCTS_DIR; };
		4943A3C51BF199980053C576 /* main.m */ = {isa = PBXFileReference; lastKnownFileType = sourcecode.c.objc; path = main.m; sourceTree = "<group>"; };
		4943A3C71BF199980053C576 /* AppDelegate.h */ = {isa = PBXFileReference; lastKnownFileType = sourcecode.c.h; path = AppDelegate.h; sourceTree = "<group>"; };
		4943A3C81BF199980053C576 /* AppDelegate.m */ = {isa = PBXFileReference; lastKnownFileType = sourcecode.c.objc; path = AppDelegate.m; sourceTree = "<group>"; };
		4943A3D31BF199980053C576 /* Base */ = {isa = PBXFileReference; lastKnownFileType = file.storyboard; name = Base; path = Base.lproj/LaunchScreen.storyboard; sourceTree = "<group>"; };
		4943A3D51BF199980053C576 /* Info.plist */ = {isa = PBXFileReference; lastKnownFileType = text.plist.xml; path = Info.plist; sourceTree = "<group>"; };
		4943A3DF1BF19D680053C576 /* LoginViewController.h */ = {isa = PBXFileReference; fileEncoding = 4; lastKnownFileType = sourcecode.c.h; path = LoginViewController.h; sourceTree = "<group>"; };
		4943A3E01BF19D680053C576 /* LoginViewController.m */ = {isa = PBXFileReference; fileEncoding = 4; lastKnownFileType = sourcecode.c.objc; path = LoginViewController.m; sourceTree = "<group>"; };
		4943A3E11BF19D680053C576 /* LoginViewController.xib */ = {isa = PBXFileReference; fileEncoding = 4; lastKnownFileType = file.xib; path = LoginViewController.xib; sourceTree = "<group>"; };
		4943A3E71BF19F450053C576 /* User.h */ = {isa = PBXFileReference; fileEncoding = 4; lastKnownFileType = sourcecode.c.h; path = User.h; sourceTree = "<group>"; };
		4943A3E81BF19F450053C576 /* User.m */ = {isa = PBXFileReference; fileEncoding = 4; lastKnownFileType = sourcecode.c.objc; path = User.m; sourceTree = "<group>"; };
		4943A3EA1BF19F6E0053C576 /* Tweet.h */ = {isa = PBXFileReference; fileEncoding = 4; lastKnownFileType = sourcecode.c.h; path = Tweet.h; sourceTree = "<group>"; };
		4943A3EB1BF19F6E0053C576 /* Tweet.m */ = {isa = PBXFileReference; fileEncoding = 4; lastKnownFileType = sourcecode.c.objc; path = Tweet.m; sourceTree = "<group>"; };
		4943A3F01BF1A02D0053C576 /* TwttierClient.h */ = {isa = PBXFileReference; fileEncoding = 4; lastKnownFileType = sourcecode.c.h; path = TwttierClient.h; sourceTree = "<group>"; };
		4943A3F11BF1A02D0053C576 /* TwttierClient.m */ = {isa = PBXFileReference; fileEncoding = 4; lastKnownFileType = sourcecode.c.objc; path = TwttierClient.m; sourceTree = "<group>"; };
		4943A3F31BF1A2160053C576 /* HomeTimelineViewController.h */ = {isa = PBXFileReference; fileEncoding = 4; lastKnownFileType = sourcecode.c.h; path = HomeTimelineViewController.h; sourceTree = "<group>"; };
		4943A3F41BF1A2160053C576 /* HomeTimelineViewController.m */ = {isa = PBXFileReference; fileEncoding = 4; lastKnownFileType = sourcecode.c.objc; path = HomeTimelineViewController.m; sourceTree = "<group>"; };
		4943A3F51BF1A2160053C576 /* HomeTimelineViewController.xib */ = {isa = PBXFileReference; fileEncoding = 4; lastKnownFileType = file.xib; path = HomeTimelineViewController.xib; sourceTree = "<group>"; };
		4943A3F81BF1AB4D0053C576 /* TweetCell.h */ = {isa = PBXFileReference; fileEncoding = 4; lastKnownFileType = sourcecode.c.h; path = TweetCell.h; sourceTree = "<group>"; };
		4943A3F91BF1AB4D0053C576 /* TweetCell.m */ = {isa = PBXFileReference; fileEncoding = 4; lastKnownFileType = sourcecode.c.objc; path = TweetCell.m; sourceTree = "<group>"; };
		4943A3FA1BF1AB4D0053C576 /* TweetCell.xib */ = {isa = PBXFileReference; fileEncoding = 4; lastKnownFileType = file.xib; path = TweetCell.xib; sourceTree = "<group>"; };
		4943A3FF1BF1E6ED0053C576 /* Assets.xcassets */ = {isa = PBXFileReference; lastKnownFileType = folder.assetcatalog; path = Assets.xcassets; sourceTree = "<group>"; };
		4943A4011BF207F10053C576 /* TweetDetailViewController.h */ = {isa = PBXFileReference; fileEncoding = 4; lastKnownFileType = sourcecode.c.h; path = TweetDetailViewController.h; sourceTree = "<group>"; };
		4943A4021BF207F10053C576 /* TweetDetailViewController.m */ = {isa = PBXFileReference; fileEncoding = 4; lastKnownFileType = sourcecode.c.objc; path = TweetDetailViewController.m; sourceTree = "<group>"; };
		4943A4031BF207F10053C576 /* TweetDetailViewController.xib */ = {isa = PBXFileReference; fileEncoding = 4; lastKnownFileType = file.xib; path = TweetDetailViewController.xib; sourceTree = "<group>"; };
		4943A4061BF20A610053C576 /* NewTweetViewController.h */ = {isa = PBXFileReference; fileEncoding = 4; lastKnownFileType = sourcecode.c.h; path = NewTweetViewController.h; sourceTree = "<group>"; };
		4943A4071BF20A610053C576 /* NewTweetViewController.m */ = {isa = PBXFileReference; fileEncoding = 4; lastKnownFileType = sourcecode.c.objc; path = NewTweetViewController.m; sourceTree = "<group>"; };
		4943A4081BF20A610053C576 /* NewTweetViewController.xib */ = {isa = PBXFileReference; fileEncoding = 4; lastKnownFileType = file.xib; path = NewTweetViewController.xib; sourceTree = "<group>"; };
		49F8CA391BF9C3E10087CE08 /* HamburgerViewController.h */ = {isa = PBXFileReference; fileEncoding = 4; lastKnownFileType = sourcecode.c.h; path = HamburgerViewController.h; sourceTree = "<group>"; };
		49F8CA3A1BF9C3E10087CE08 /* HamburgerViewController.m */ = {isa = PBXFileReference; fileEncoding = 4; lastKnownFileType = sourcecode.c.objc; path = HamburgerViewController.m; sourceTree = "<group>"; };
		49F8CA3B1BF9C3E10087CE08 /* HamburgerViewController.xib */ = {isa = PBXFileReference; fileEncoding = 4; lastKnownFileType = file.xib; path = HamburgerViewController.xib; sourceTree = "<group>"; };
		49F8CA3E1BF9C3F40087CE08 /* MenuViewController.h */ = {isa = PBXFileReference; fileEncoding = 4; lastKnownFileType = sourcecode.c.h; path = MenuViewController.h; sourceTree = "<group>"; };
		49F8CA3F1BF9C3F40087CE08 /* MenuViewController.m */ = {isa = PBXFileReference; fileEncoding = 4; lastKnownFileType = sourcecode.c.objc; path = MenuViewController.m; sourceTree = "<group>"; };
		49F8CA401BF9C3F40087CE08 /* MenuViewController.xib */ = {isa = PBXFileReference; fileEncoding = 4; lastKnownFileType = file.xib; path = MenuViewController.xib; sourceTree = "<group>"; };
		49F8CA431BF9C41A0087CE08 /* MenuCell.h */ = {isa = PBXFileReference; fileEncoding = 4; lastKnownFileType = sourcecode.c.h; path = MenuCell.h; sourceTree = "<group>"; };
		49F8CA441BF9C41A0087CE08 /* MenuCell.m */ = {isa = PBXFileReference; fileEncoding = 4; lastKnownFileType = sourcecode.c.objc; path = MenuCell.m; sourceTree = "<group>"; };
		49F8CA451BF9C41A0087CE08 /* MenuCell.xib */ = {isa = PBXFileReference; fileEncoding = 4; lastKnownFileType = file.xib; path = MenuCell.xib; sourceTree = "<group>"; };
		49F8CA481BFAEF190087CE08 /* ProfileViewController.h */ = {isa = PBXFileReference; fileEncoding = 4; lastKnownFileType = sourcecode.c.h; path = ProfileViewController.h; sourceTree = "<group>"; };
		49F8CA491BFAEF190087CE08 /* ProfileViewController.m */ = {isa = PBXFileReference; fileEncoding = 4; lastKnownFileType = sourcecode.c.objc; path = ProfileViewController.m; sourceTree = "<group>"; };
		49F8CA4A1BFAEF190087CE08 /* ProfileViewController.xib */ = {isa = PBXFileReference; fileEncoding = 4; lastKnownFileType = file.xib; path = ProfileViewController.xib; sourceTree = "<group>"; };
		D720276D35761BA9438740CF /* libPods-twitter.a */ = {isa = PBXFileReference; explicitFileType = archive.ar; includeInIndex = 0; path = "libPods-twitter.a"; sourceTree = BUILT_PRODUCTS_DIR; };
/* End PBXFileReference section */

/* Begin PBXFrameworksBuildPhase section */
		4943A3BE1BF199980053C576 /* Frameworks */ = {
			isa = PBXFrameworksBuildPhase;
			buildActionMask = 2147483647;
			files = (
				6649FADDFCA566D46625E933 /* libPods-twitter.a in Frameworks */,
			);
			runOnlyForDeploymentPostprocessing = 0;
		};
/* End PBXFrameworksBuildPhase section */

/* Begin PBXGroup section */
		233258D6FDA588643B67D644 /* Pods */ = {
			isa = PBXGroup;
			children = (
				225636034CC6BA2F3ACC227B /* Pods-twitter.debug.xcconfig */,
				421AF89053CCCE9703768DCE /* Pods-twitter.release.xcconfig */,
			);
			name = Pods;
			sourceTree = "<group>";
		};
		28B8AF2EF1023D0AE2757FDA /* Frameworks */ = {
			isa = PBXGroup;
			children = (
				D720276D35761BA9438740CF /* libPods-twitter.a */,
			);
			name = Frameworks;
			sourceTree = "<group>";
		};
		4943A3B81BF199980053C576 = {
			isa = PBXGroup;
			children = (
				4943A3C31BF199980053C576 /* twitter */,
				4943A3C21BF199980053C576 /* Products */,
				233258D6FDA588643B67D644 /* Pods */,
				28B8AF2EF1023D0AE2757FDA /* Frameworks */,
			);
			sourceTree = "<group>";
		};
		4943A3C21BF199980053C576 /* Products */ = {
			isa = PBXGroup;
			children = (
				4943A3C11BF199980053C576 /* twitter.app */,
			);
			name = Products;
			sourceTree = "<group>";
		};
		4943A3C31BF199980053C576 /* twitter */ = {
			isa = PBXGroup;
			children = (
				4943A3FF1BF1E6ED0053C576 /* Assets.xcassets */,
				4943A3E61BF19DA20053C576 /* API */,
				4943A3E51BF19D990053C576 /* Models */,
				4943A3E41BF19D940053C576 /* Views */,
				4943A3DE1BF19D340053C576 /* Controllers */,
				4943A3C71BF199980053C576 /* AppDelegate.h */,
				4943A3C81BF199980053C576 /* AppDelegate.m */,
				4943A3D21BF199980053C576 /* LaunchScreen.storyboard */,
				4943A3D51BF199980053C576 /* Info.plist */,
				4943A3C41BF199980053C576 /* Supporting Files */,
			);
			path = twitter;
			sourceTree = "<group>";
		};
		4943A3C41BF199980053C576 /* Supporting Files */ = {
			isa = PBXGroup;
			children = (
				4943A3C51BF199980053C576 /* main.m */,
			);
			name = "Supporting Files";
			sourceTree = "<group>";
		};
		4943A3DE1BF19D340053C576 /* Controllers */ = {
			isa = PBXGroup;
			children = (
				4943A3DF1BF19D680053C576 /* LoginViewController.h */,
				4943A3E01BF19D680053C576 /* LoginViewController.m */,
				4943A3E11BF19D680053C576 /* LoginViewController.xib */,
				4943A3F31BF1A2160053C576 /* HomeTimelineViewController.h */,
				4943A3F41BF1A2160053C576 /* HomeTimelineViewController.m */,
				4943A3F51BF1A2160053C576 /* HomeTimelineViewController.xib */,
				4943A4011BF207F10053C576 /* TweetDetailViewController.h */,
				4943A4021BF207F10053C576 /* TweetDetailViewController.m */,
				4943A4031BF207F10053C576 /* TweetDetailViewController.xib */,
				4943A4061BF20A610053C576 /* NewTweetViewController.h */,
				4943A4071BF20A610053C576 /* NewTweetViewController.m */,
				4943A4081BF20A610053C576 /* NewTweetViewController.xib */,
				49F8CA391BF9C3E10087CE08 /* HamburgerViewController.h */,
				49F8CA3A1BF9C3E10087CE08 /* HamburgerViewController.m */,
				49F8CA3B1BF9C3E10087CE08 /* HamburgerViewController.xib */,
				49F8CA3E1BF9C3F40087CE08 /* MenuViewController.h */,
				49F8CA3F1BF9C3F40087CE08 /* MenuViewController.m */,
				49F8CA401BF9C3F40087CE08 /* MenuViewController.xib */,
				49F8CA481BFAEF190087CE08 /* ProfileViewController.h */,
				49F8CA491BFAEF190087CE08 /* ProfileViewController.m */,
				49F8CA4A1BFAEF190087CE08 /* ProfileViewController.xib */,
			);
			name = Controllers;
			sourceTree = "<group>";
		};
		4943A3E41BF19D940053C576 /* Views */ = {
			isa = PBXGroup;
			children = (
				4943A3F81BF1AB4D0053C576 /* TweetCell.h */,
				4943A3F91BF1AB4D0053C576 /* TweetCell.m */,
				4943A3FA1BF1AB4D0053C576 /* TweetCell.xib */,
				49F8CA431BF9C41A0087CE08 /* MenuCell.h */,
				49F8CA441BF9C41A0087CE08 /* MenuCell.m */,
				49F8CA451BF9C41A0087CE08 /* MenuCell.xib */,
			);
			name = Views;
			sourceTree = "<group>";
		};
		4943A3E51BF19D990053C576 /* Models */ = {
			isa = PBXGroup;
			children = (
				4943A3E71BF19F450053C576 /* User.h */,
				4943A3E81BF19F450053C576 /* User.m */,
				4943A3EA1BF19F6E0053C576 /* Tweet.h */,
				4943A3EB1BF19F6E0053C576 /* Tweet.m */,
			);
			name = Models;
			sourceTree = "<group>";
		};
		4943A3E61BF19DA20053C576 /* API */ = {
			isa = PBXGroup;
			children = (
				4943A3F01BF1A02D0053C576 /* TwttierClient.h */,
				4943A3F11BF1A02D0053C576 /* TwttierClient.m */,
			);
			name = API;
			sourceTree = "<group>";
		};
/* End PBXGroup section */

/* Begin PBXNativeTarget section */
		4943A3C01BF199980053C576 /* twitter */ = {
			isa = PBXNativeTarget;
			buildConfigurationList = 4943A3D81BF199980053C576 /* Build configuration list for PBXNativeTarget "twitter" */;
			buildPhases = (
				FB618A77240BADB2F2670224 /* Check Pods Manifest.lock */,
				4943A3BD1BF199980053C576 /* Sources */,
				4943A3BE1BF199980053C576 /* Frameworks */,
				4943A3BF1BF199980053C576 /* Resources */,
				B40A14FB566EF5041A290722 /* Embed Pods Frameworks */,
				B0333066BEA3313D1A5286A4 /* Copy Pods Resources */,
			);
			buildRules = (
			);
			dependencies = (
			);
			name = twitter;
			productName = twitter;
			productReference = 4943A3C11BF199980053C576 /* twitter.app */;
			productType = "com.apple.product-type.application";
		};
/* End PBXNativeTarget section */

/* Begin PBXProject section */
		4943A3B91BF199980053C576 /* Project object */ = {
			isa = PBXProject;
			attributes = {
				LastUpgradeCheck = 0700;
				ORGANIZATIONNAME = "Chang Liu";
				TargetAttributes = {
					4943A3C01BF199980053C576 = {
						CreatedOnToolsVersion = 7.0;
					};
				};
			};
			buildConfigurationList = 4943A3BC1BF199980053C576 /* Build configuration list for PBXProject "twitter" */;
			compatibilityVersion = "Xcode 3.2";
			developmentRegion = English;
			hasScannedForEncodings = 0;
			knownRegions = (
				en,
				Base,
			);
			mainGroup = 4943A3B81BF199980053C576;
			productRefGroup = 4943A3C21BF199980053C576 /* Products */;
			projectDirPath = "";
			projectRoot = "";
			targets = (
				4943A3C01BF199980053C576 /* twitter */,
			);
		};
/* End PBXProject section */

/* Begin PBXResourcesBuildPhase section */
		4943A3BF1BF199980053C576 /* Resources */ = {
			isa = PBXResourcesBuildPhase;
			buildActionMask = 2147483647;
			files = (
				49F8CA3D1BF9C3E10087CE08 /* HamburgerViewController.xib in Resources */,
				4943A3D41BF199980053C576 /* LaunchScreen.storyboard in Resources */,
				49F8CA471BF9C41A0087CE08 /* MenuCell.xib in Resources */,
				4943A4051BF207F10053C576 /* TweetDetailViewController.xib in Resources */,
				4943A3FC1BF1AB4D0053C576 /* TweetCell.xib in Resources */,
				49F8CA4C1BFAEF190087CE08 /* ProfileViewController.xib in Resources */,
				49F8CA421BF9C3F40087CE08 /* MenuViewController.xib in Resources */,
				4943A3F71BF1A2160053C576 /* HomeTimelineViewController.xib in Resources */,
				4943A3E31BF19D680053C576 /* LoginViewController.xib in Resources */,
				4943A4001BF1E6ED0053C576 /* Assets.xcassets in Resources */,
				4943A40A1BF20A610053C576 /* NewTweetViewController.xib in Resources */,
			);
			runOnlyForDeploymentPostprocessing = 0;
		};
/* End PBXResourcesBuildPhase section */

/* Begin PBXShellScriptBuildPhase section */
		B0333066BEA3313D1A5286A4 /* Copy Pods Resources */ = {
			isa = PBXShellScriptBuildPhase;
			buildActionMask = 2147483647;
			files = (
			);
			inputPaths = (
			);
			name = "Copy Pods Resources";
			outputPaths = (
			);
			runOnlyForDeploymentPostprocessing = 0;
			shellPath = /bin/sh;
			shellScript = "\"${SRCROOT}/Pods/Target Support Files/Pods-twitter/Pods-twitter-resources.sh\"\n";
			showEnvVarsInLog = 0;
		};
		B40A14FB566EF5041A290722 /* Embed Pods Frameworks */ = {
			isa = PBXShellScriptBuildPhase;
			buildActionMask = 2147483647;
			files = (
			);
			inputPaths = (
			);
			name = "Embed Pods Frameworks";
			outputPaths = (
			);
			runOnlyForDeploymentPostprocessing = 0;
			shellPath = /bin/sh;
			shellScript = "\"${SRCROOT}/Pods/Target Support Files/Pods-twitter/Pods-twitter-frameworks.sh\"\n";
			showEnvVarsInLog = 0;
		};
		FB618A77240BADB2F2670224 /* Check Pods Manifest.lock */ = {
			isa = PBXShellScriptBuildPhase;
			buildActionMask = 2147483647;
			files = (
			);
			inputPaths = (
			);
			name = "Check Pods Manifest.lock";
			outputPaths = (
			);
			runOnlyForDeploymentPostprocessing = 0;
			shellPath = /bin/sh;
			shellScript = "diff \"${PODS_ROOT}/../Podfile.lock\" \"${PODS_ROOT}/Manifest.lock\" > /dev/null\nif [[ $? != 0 ]] ; then\n    cat << EOM\nerror: The sandbox is not in sync with the Podfile.lock. Run 'pod install' or update your CocoaPods installation.\nEOM\n    exit 1\nfi\n";
			showEnvVarsInLog = 0;
		};
/* End PBXShellScriptBuildPhase section */

/* Begin PBXSourcesBuildPhase section */
		4943A3BD1BF199980053C576 /* Sources */ = {
			isa = PBXSourcesBuildPhase;
			buildActionMask = 2147483647;
			files = (
				4943A3F21BF1A02D0053C576 /* TwttierClient.m in Sources */,
				4943A3E91BF19F450053C576 /* User.m in Sources */,
				4943A3C91BF199980053C576 /* AppDelegate.m in Sources */,
				4943A3EC1BF19F6E0053C576 /* Tweet.m in Sources */,
				49F8CA4B1BFAEF190087CE08 /* ProfileViewController.m in Sources */,
				4943A3C61BF199980053C576 /* main.m in Sources */,
				4943A4041BF207F10053C576 /* TweetDetailViewController.m in Sources */,
				4943A3E21BF19D680053C576 /* LoginViewController.m in Sources */,
				49F8CA411BF9C3F40087CE08 /* MenuViewController.m in Sources */,
				49F8CA461BF9C41A0087CE08 /* MenuCell.m in Sources */,
				4943A3F61BF1A2160053C576 /* HomeTimelineViewController.m in Sources */,
				4943A3FB1BF1AB4D0053C576 /* TweetCell.m in Sources */,
				4943A4091BF20A610053C576 /* NewTweetViewController.m in Sources */,
				49F8CA3C1BF9C3E10087CE08 /* HamburgerViewController.m in Sources */,
			);
			runOnlyForDeploymentPostprocessing = 0;
		};
/* End PBXSourcesBuildPhase section */

/* Begin PBXVariantGroup section */
		4943A3D21BF199980053C576 /* LaunchScreen.storyboard */ = {
			isa = PBXVariantGroup;
			children = (
				4943A3D31BF199980053C576 /* Base */,
			);
			name = LaunchScreen.storyboard;
			sourceTree = "<group>";
		};
/* End PBXVariantGroup section */

/* Begin XCBuildConfiguration section */
		4943A3D61BF199980053C576 /* Debug */ = {
			isa = XCBuildConfiguration;
			buildSettings = {
				ALWAYS_SEARCH_USER_PATHS = NO;
				CLANG_CXX_LANGUAGE_STANDARD = "gnu++0x";
				CLANG_CXX_LIBRARY = "libc++";
				CLANG_ENABLE_MODULES = YES;
				CLANG_ENABLE_OBJC_ARC = YES;
				CLANG_WARN_BOOL_CONVERSION = YES;
				CLANG_WARN_CONSTANT_CONVERSION = YES;
				CLANG_WARN_DIRECT_OBJC_ISA_USAGE = YES_ERROR;
				CLANG_WARN_EMPTY_BODY = YES;
				CLANG_WARN_ENUM_CONVERSION = YES;
				CLANG_WARN_INT_CONVERSION = YES;
				CLANG_WARN_OBJC_ROOT_CLASS = YES_ERROR;
				CLANG_WARN_UNREACHABLE_CODE = YES;
				CLANG_WARN__DUPLICATE_METHOD_MATCH = YES;
				"CODE_SIGN_IDENTITY[sdk=iphoneos*]" = "iPhone Developer";
				COPY_PHASE_STRIP = NO;
				DEBUG_INFORMATION_FORMAT = dwarf;
				ENABLE_STRICT_OBJC_MSGSEND = YES;
				ENABLE_TESTABILITY = YES;
				GCC_C_LANGUAGE_STANDARD = gnu99;
				GCC_DYNAMIC_NO_PIC = NO;
				GCC_NO_COMMON_BLOCKS = YES;
				GCC_OPTIMIZATION_LEVEL = 0;
				GCC_PREPROCESSOR_DEFINITIONS = (
					"DEBUG=1",
					"$(inherited)",
				);
				GCC_WARN_64_TO_32_BIT_CONVERSION = YES;
				GCC_WARN_ABOUT_RETURN_TYPE = YES_ERROR;
				GCC_WARN_UNDECLARED_SELECTOR = YES;
				GCC_WARN_UNINITIALIZED_AUTOS = YES_AGGRESSIVE;
				GCC_WARN_UNUSED_FUNCTION = YES;
				GCC_WARN_UNUSED_VARIABLE = YES;
				IPHONEOS_DEPLOYMENT_TARGET = 9.0;
				MTL_ENABLE_DEBUG_INFO = YES;
				ONLY_ACTIVE_ARCH = YES;
				SDKROOT = iphoneos;
			};
			name = Debug;
		};
		4943A3D71BF199980053C576 /* Release */ = {
			isa = XCBuildConfiguration;
			buildSettings = {
				ALWAYS_SEARCH_USER_PATHS = NO;
				CLANG_CXX_LANGUAGE_STANDARD = "gnu++0x";
				CLANG_CXX_LIBRARY = "libc++";
				CLANG_ENABLE_MODULES = YES;
				CLANG_ENABLE_OBJC_ARC = YES;
				CLANG_WARN_BOOL_CONVERSION = YES;
				CLANG_WARN_CONSTANT_CONVERSION = YES;
				CLANG_WARN_DIRECT_OBJC_ISA_USAGE = YES_ERROR;
				CLANG_WARN_EMPTY_BODY = YES;
				CLANG_WARN_ENUM_CONVERSION = YES;
				CLANG_WARN_INT_CONVERSION = YES;
				CLANG_WARN_OBJC_ROOT_CLASS = YES_ERROR;
				CLANG_WARN_UNREACHABLE_CODE = YES;
				CLANG_WARN__DUPLICATE_METHOD_MATCH = YES;
				"CODE_SIGN_IDENTITY[sdk=iphoneos*]" = "iPhone Developer";
				COPY_PHASE_STRIP = NO;
				DEBUG_INFORMATION_FORMAT = "dwarf-with-dsym";
				ENABLE_NS_ASSERTIONS = NO;
				ENABLE_STRICT_OBJC_MSGSEND = YES;
				GCC_C_LANGUAGE_STANDARD = gnu99;
				GCC_NO_COMMON_BLOCKS = YES;
				GCC_WARN_64_TO_32_BIT_CONVERSION = YES;
				GCC_WARN_ABOUT_RETURN_TYPE = YES_ERROR;
				GCC_WARN_UNDECLARED_SELECTOR = YES;
				GCC_WARN_UNINITIALIZED_AUTOS = YES_AGGRESSIVE;
				GCC_WARN_UNUSED_FUNCTION = YES;
				GCC_WARN_UNUSED_VARIABLE = YES;
				IPHONEOS_DEPLOYMENT_TARGET = 9.0;
				MTL_ENABLE_DEBUG_INFO = NO;
				SDKROOT = iphoneos;
				VALIDATE_PRODUCT = YES;
			};
			name = Release;
		};
		4943A3D91BF199980053C576 /* Debug */ = {
			isa = XCBuildConfiguration;
			baseConfigurationReference = 225636034CC6BA2F3ACC227B /* Pods-twitter.debug.xcconfig */;
			buildSettings = {
				ASSETCATALOG_COMPILER_APPICON_NAME = AppIcon;
				INFOPLIST_FILE = twitter/Info.plist;
				LD_RUNPATH_SEARCH_PATHS = "$(inherited) @executable_path/Frameworks";
				PRODUCT_BUNDLE_IDENTIFIER = com.ngliu.twitter;
				PRODUCT_NAME = "$(TARGET_NAME)";
			};
			name = Debug;
		};
		4943A3DA1BF199980053C576 /* Release */ = {
			isa = XCBuildConfiguration;
			baseConfigurationReference = 421AF89053CCCE9703768DCE /* Pods-twitter.release.xcconfig */;
			buildSettings = {
				ASSETCATALOG_COMPILER_APPICON_NAME = AppIcon;
				INFOPLIST_FILE = twitter/Info.plist;
				LD_RUNPATH_SEARCH_PATHS = "$(inherited) @executable_path/Frameworks";
				PRODUCT_BUNDLE_IDENTIFIER = com.ngliu.twitter;
				PRODUCT_NAME = "$(TARGET_NAME)";
			};
			name = Release;
		};
/* End XCBuildConfiguration section */

/* Begin XCConfigurationList section */
		4943A3BC1BF199980053C576 /* Build configuration list for PBXProject "twitter" */ = {
			isa = XCConfigurationList;
			buildConfigurations = (
				4943A3D61BF199980053C576 /* Debug */,
				4943A3D71BF199980053C576 /* Release */,
			);
			defaultConfigurationIsVisible = 0;
			defaultConfigurationName = Release;
		};
		4943A3D81BF199980053C576 /* Build configuration list for PBXNativeTarget "twitter" */ = {
			isa = XCConfigurationList;
			buildConfigurations = (
				4943A3D91BF199980053C576 /* Debug */,
				4943A3DA1BF199980053C576 /* Release */,
			);
			defaultConfigurationIsVisible = 0;
			defaultConfigurationName = Release;
		};
/* End XCConfigurationList section */
	};
	rootObject = 4943A3B91BF199980053C576 /* Project object */;
}
